
Microsoft Visual Studio Solution File, Format Version 12.00
# Visual Studio Version 17
VisualStudioVersion = 17.9.34622.214
MinimumVisualStudioVersion = 10.0.40219.1
Project("{FAE04EC0-301F-11D3-BF4B-00C04F79EFBC}") = "MonteCarloTreeSearch", "MonteCarloTreeSearch\MonteCarloTreeSearch.csproj", "{684AA40F-5315-4554-A4D6-EE109953E58C}"
EndProject
Project("{FAE04EC0-301F-11D3-BF4B-00C04F79EFBC}") = "ConnectFour", "ConnectFour\ConnectFour.csproj", "{64419542-83A0-46BA-BB34-2E0383296C03}"
EndProject
Project("{FAE04EC0-301F-11D3-BF4B-00C04F79EFBC}") = "MonteCarloTreeSearchTests", "MonteCarloTreeSearchTests\MonteCarloTreeSearchTests.csproj", "{CCDA6A2B-102D-4F0D-87FD-13D4D2C89001}"
EndProject
Global
	GlobalSection(SolutionConfigurationPlatforms) = preSolution
		Debug|Any CPU = Debug|Any CPU
		Release|Any CPU = Release|Any CPU
	EndGlobalSection
	GlobalSection(ProjectConfigurationPlatforms) = postSolution
		{684AA40F-5315-4554-A4D6-EE109953E58C}.Debug|Any CPU.ActiveCfg = Debug|Any CPU
		{684AA40F-5315-4554-A4D6-EE109953E58C}.Debug|Any CPU.Build.0 = Debug|Any CPU
		{684AA40F-5315-4554-A4D6-EE109953E58C}.Release|Any CPU.ActiveCfg = Release|Any CPU
		{684AA40F-5315-4554-A4D6-EE109953E58C}.Release|Any CPU.Build.0 = Release|Any CPU
		{64419542-83A0-46BA-BB34-2E0383296C03}.Debug|Any CPU.ActiveCfg = Debug|Any CPU
		{64419542-83A0-46BA-BB34-2E0383296C03}.Debug|Any CPU.Build.0 = Debug|Any CPU
		{64419542-83A0-46BA-BB34-2E0383296C03}.Release|Any CPU.ActiveCfg = Release|Any CPU
		{64419542-83A0-46BA-BB34-2E0383296C03}.Release|Any CPU.Build.0 = Release|Any CPU
		{CCDA6A2B-102D-4F0D-87FD-13D4D2C89001}.Debug|Any CPU.ActiveCfg = Debug|Any CPU
		{CCDA6A2B-102D-4F0D-87FD-13D4D2C89001}.Debug|Any CPU.Build.0 = Debug|Any CPU
		{CCDA6A2B-102D-4F0D-87FD-13D4D2C89001}.Release|Any CPU.ActiveCfg = Release|Any CPU
		{CCDA6A2B-102D-4F0D-87FD-13D4D2C89001}.Release|Any CPU.Build.0 = Release|Any CPU
	EndGlobalSection
	GlobalSection(SolutionProperties) = preSolution
		HideSolutionNode = FALSE
	EndGlobalSection
	GlobalSection(ExtensibilityGlobals) = postSolution
		SolutionGuid = {7920C05D-B2CF-49FA-9C54-7E5BE93BC770}
	EndGlobalSection
EndGlobal
